
Microsoft Visual Studio Solution File, Format Version 12.00
# Visual Studio 15
VisualStudioVersion = 15.0.26403.7
MinimumVisualStudioVersion = 10.0.40219.1
Project("{FAE04EC0-301F-11D3-BF4B-00C04F79EFBC}") = "RekognitionFaceLandmark", "RekognitionFaceLandmark\RekognitionFaceLandmark.csproj", "{BE67981E-699E-4D0A-9A65-EFADA6ABCA81}"
EndProject
Project("{FAE04EC0-301F-11D3-BF4B-00C04F79EFBC}") = "TextractRelationshipsView", "TextractRelationshipsView\TextractRelationshipsView.csproj", "{5B2118CB-7580-4B3D-95E0-CCA80235E5CF}"
EndProject
Project("{FAE04EC0-301F-11D3-BF4B-00C04F79EFBC}") = "RekognitionDetectTextRelationshipsView", "RekognitionDetectTextRelationshipsView\RekognitionDetectTextRelationshipsView.csproj", "{28F57A8A-ED64-4717-97CB-18ED930705D4}"
EndProject
Global
	GlobalSection(SolutionConfigurationPlatforms) = preSolution
		Debug|Any CPU = Debug|Any CPU
		Release|Any CPU = Release|Any CPU
	EndGlobalSection
	GlobalSection(ProjectConfigurationPlatforms) = postSolution
		{BE67981E-699E-4D0A-9A65-EFADA6ABCA81}.Debug|Any CPU.ActiveCfg = Debug|Any CPU
		{BE67981E-699E-4D0A-9A65-EFADA6ABCA81}.Debug|Any CPU.Build.0 = Debug|Any CPU
		{BE67981E-699E-4D0A-9A65-EFADA6ABCA81}.Release|Any CPU.ActiveCfg = Release|Any CPU
		{BE67981E-699E-4D0A-9A65-EFADA6ABCA81}.Release|Any CPU.Build.0 = Release|Any CPU
		{5B2118CB-7580-4B3D-95E0-CCA80235E5CF}.Debug|Any CPU.ActiveCfg = Debug|Any CPU
		{5B2118CB-7580-4B3D-95E0-CCA80235E5CF}.Debug|Any CPU.Build.0 = Debug|Any CPU
		{5B2118CB-7580-4B3D-95E0-CCA80235E5CF}.Release|Any CPU.ActiveCfg = Release|Any CPU
		{5B2118CB-7580-4B3D-95E0-CCA80235E5CF}.Release|Any CPU.Build.0 = Release|Any CPU
		{28F57A8A-ED64-4717-97CB-18ED930705D4}.Debug|Any CPU.ActiveCfg = Debug|Any CPU
		{28F57A8A-ED64-4717-97CB-18ED930705D4}.Debug|Any CPU.Build.0 = Debug|Any CPU
		{28F57A8A-ED64-4717-97CB-18ED930705D4}.Release|Any CPU.ActiveCfg = Release|Any CPU
		{28F57A8A-ED64-4717-97CB-18ED930705D4}.Release|Any CPU.Build.0 = Release|Any CPU
	EndGlobalSection
	GlobalSection(SolutionProperties) = preSolution
		HideSolutionNode = FALSE
	EndGlobalSection
EndGlobal
